// !$*UTF8*$!
{
	archiveVersion = 1;
	classes = {
	};
	objectVersion = 56;
	objects = {

/* Begin PBXBuildFile section */
		3D0715FD2A2210690083F568 /* AppDelegate.swift in Sources */ = {isa = PBXBuildFile; fileRef = 3D0715FC2A2210690083F568 /* AppDelegate.swift */; };
		3D0715FF2A2210690083F568 /* SceneDelegate.swift in Sources */ = {isa = PBXBuildFile; fileRef = 3D0715FE2A2210690083F568 /* SceneDelegate.swift */; };
		3D0716012A2210690083F568 /* ViewController.swift in Sources */ = {isa = PBXBuildFile; fileRef = 3D0716002A2210690083F568 /* ViewController.swift */; };
		3D0716042A2210690083F568 /* Main.storyboard in Resources */ = {isa = PBXBuildFile; fileRef = 3D0716022A2210690083F568 /* Main.storyboard */; };
		3D0716062A22106B0083F568 /* Assets.xcassets in Resources */ = {isa = PBXBuildFile; fileRef = 3D0716052A22106B0083F568 /* Assets.xcassets */; };
		3D0716092A22106B0083F568 /* LaunchScreen.storyboard in Resources */ = {isa = PBXBuildFile; fileRef = 3D0716072A22106B0083F568 /* LaunchScreen.storyboard */; };
		3D0716112A2213720083F568 /* LoginViewController.swift in Sources */ = {isa = PBXBuildFile; fileRef = 3D0716102A2213720083F568 /* LoginViewController.swift */; };
		3D0716132A2215DD0083F568 /* CreateAccountViewController.swift in Sources */ = {isa = PBXBuildFile; fileRef = 3D0716122A2215DD0083F568 /* CreateAccountViewController.swift */; };
		3D0716152A2218C20083F568 /* GoogleService-Info.plist in Resources */ = {isa = PBXBuildFile; fileRef = 3D0716142A2218C20083F568 /* GoogleService-Info.plist */; };
		3D0716182A22191D0083F568 /* FirebaseAuth in Frameworks */ = {isa = PBXBuildFile; productRef = 3D0716172A22191D0083F568 /* FirebaseAuth */; };
		3D07161A2A224C730083F568 /* HomeViewController.swift in Sources */ = {isa = PBXBuildFile; fileRef = 3D0716192A224C730083F568 /* HomeViewController.swift */; };
		3D26D1752A2264FD005E8865 /* Constants.swift in Sources */ = {isa = PBXBuildFile; fileRef = 3D26D1742A2264FD005E8865 /* Constants.swift */; };
		3D26D1772A226513005E8865 /* Utilities.swift in Sources */ = {isa = PBXBuildFile; fileRef = 3D26D1762A226513005E8865 /* Utilities.swift */; };
		3DC0B5EF2A2270F7000073A3 /* Orbital in Resources */ = {isa = PBXBuildFile; fileRef = 3DC0B5EE2A2270F7000073A3 /* Orbital */; };
		F60EA0C4011AF208AA4C1EA1 /* Pods_Orbital.framework in Frameworks */ = {isa = PBXBuildFile; fileRef = 62D49CDEB62912A5CBF26D4F /* Pods_Orbital.framework */; };
/* End PBXBuildFile section */

/* Begin PBXFileReference section */
		3D0715F92A2210690083F568 /* Orbital.app */ = {isa = PBXFileReference; explicitFileType = wrapper.application; includeInIndex = 0; path = Orbital.app; sourceTree = BUILT_PRODUCTS_DIR; };
		3D0715FC2A2210690083F568 /* AppDelegate.swift */ = {isa = PBXFileReference; lastKnownFileType = sourcecode.swift; path = AppDelegate.swift; sourceTree = "<group>"; };
		3D0715FE2A2210690083F568 /* SceneDelegate.swift */ = {isa = PBXFileReference; lastKnownFileType = sourcecode.swift; path = SceneDelegate.swift; sourceTree = "<group>"; };
		3D0716002A2210690083F568 /* ViewController.swift */ = {isa = PBXFileReference; lastKnownFileType = sourcecode.swift; path = ViewController.swift; sourceTree = "<group>"; };
		3D0716032A2210690083F568 /* Base */ = {isa = PBXFileReference; lastKnownFileType = file.storyboard; name = Base; path = Base.lproj/Main.storyboard; sourceTree = "<group>"; };
		3D0716052A22106B0083F568 /* Assets.xcassets */ = {isa = PBXFileReference; lastKnownFileType = folder.assetcatalog; path = Assets.xcassets; sourceTree = "<group>"; };
		3D0716082A22106B0083F568 /* Base */ = {isa = PBXFileReference; lastKnownFileType = file.storyboard; name = Base; path = Base.lproj/LaunchScreen.storyboard; sourceTree = "<group>"; };
		3D07160A2A22106B0083F568 /* Info.plist */ = {isa = PBXFileReference; lastKnownFileType = text.plist.xml; path = Info.plist; sourceTree = "<group>"; };
		3D0716102A2213720083F568 /* LoginViewController.swift */ = {isa = PBXFileReference; lastKnownFileType = sourcecode.swift; path = LoginViewController.swift; sourceTree = "<group>"; };
		3D0716122A2215DD0083F568 /* CreateAccountViewController.swift */ = {isa = PBXFileReference; lastKnownFileType = sourcecode.swift; path = CreateAccountViewController.swift; sourceTree = "<group>"; };
		3D0716142A2218C20083F568 /* GoogleService-Info.plist */ = {isa = PBXFileReference; fileEncoding = 4; lastKnownFileType = text.plist.xml; path = "GoogleService-Info.plist"; sourceTree = "<group>"; };
		3D0716192A224C730083F568 /* HomeViewController.swift */ = {isa = PBXFileReference; lastKnownFileType = sourcecode.swift; path = HomeViewController.swift; sourceTree = "<group>"; };
		3D26D1742A2264FD005E8865 /* Constants.swift */ = {isa = PBXFileReference; lastKnownFileType = sourcecode.swift; path = Constants.swift; sourceTree = "<group>"; };
		3D26D1762A226513005E8865 /* Utilities.swift */ = {isa = PBXFileReference; lastKnownFileType = sourcecode.swift; path = Utilities.swift; sourceTree = "<group>"; };
		3DC0B5EE2A2270F7000073A3 /* Orbital */ = {isa = PBXFileReference; lastKnownFileType = folder; path = Orbital; sourceTree = "<group>"; };
		43D914FC9620274DA9F19FB7 /* Pods-Orbital.release.xcconfig */ = {isa = PBXFileReference; includeInIndex = 1; lastKnownFileType = text.xcconfig; name = "Pods-Orbital.release.xcconfig"; path = "Target Support Files/Pods-Orbital/Pods-Orbital.release.xcconfig"; sourceTree = "<group>"; };
		62D49CDEB62912A5CBF26D4F /* Pods_Orbital.framework */ = {isa = PBXFileReference; explicitFileType = wrapper.framework; includeInIndex = 0; path = Pods_Orbital.framework; sourceTree = BUILT_PRODUCTS_DIR; };
		6DA0C596C8BBF11AE1801311 /* Pods-Orbital.debug.xcconfig */ = {isa = PBXFileReference; includeInIndex = 1; lastKnownFileType = text.xcconfig; name = "Pods-Orbital.debug.xcconfig"; path = "Target Support Files/Pods-Orbital/Pods-Orbital.debug.xcconfig"; sourceTree = "<group>"; };
/* End PBXFileReference section */

/* Begin PBXFrameworksBuildPhase section */
		3D0715F62A2210690083F568 /* Frameworks */ = {
			isa = PBXFrameworksBuildPhase;
			buildActionMask = 2147483647;
			files = (
				3D0716182A22191D0083F568 /* FirebaseAuth in Frameworks */,
				F60EA0C4011AF208AA4C1EA1 /* Pods_Orbital.framework in Frameworks */,
			);
			runOnlyForDeploymentPostprocessing = 0;
		};
/* End PBXFrameworksBuildPhase section */

/* Begin PBXGroup section */
		30D37A16B0683146A2CF1DE3 /* Frameworks */ = {
			isa = PBXGroup;
			children = (
				62D49CDEB62912A5CBF26D4F /* Pods_Orbital.framework */,
			);
			name = Frameworks;
			sourceTree = "<group>";
		};
		3D0715F02A2210690083F568 = {
			isa = PBXGroup;
			children = (
				3D0715FB2A2210690083F568 /* Orbital */,
				3DC0B5EE2A2270F7000073A3 /* Orbital */,
				3D0715FA2A2210690083F568 /* Products */,
				917BFFA23602001DD8AA2486 /* Pods */,
				30D37A16B0683146A2CF1DE3 /* Frameworks */,
			);
			sourceTree = "<group>";
		};
		3D0715FA2A2210690083F568 /* Products */ = {
			isa = PBXGroup;
			children = (
				3D0715F92A2210690083F568 /* Orbital.app */,
			);
			name = Products;
			sourceTree = "<group>";
		};
		3D0715FB2A2210690083F568 /* Orbital */ = {
			isa = PBXGroup;
			children = (
				3D981CB42A2279B200756127 /* Media */,
				3D0715FC2A2210690083F568 /* AppDelegate.swift */,
				3D0715FE2A2210690083F568 /* SceneDelegate.swift */,
				3DD56F492A22559200036338 /* Helpers */,
				3D07161B2A224C7C0083F568 /* View Controllers */,
				3D0716022A2210690083F568 /* Main.storyboard */,
				3D0716052A22106B0083F568 /* Assets.xcassets */,
				3D0716072A22106B0083F568 /* LaunchScreen.storyboard */,
				3D07160A2A22106B0083F568 /* Info.plist */,
				3D0716142A2218C20083F568 /* GoogleService-Info.plist */,
			);
			path = Orbital;
			sourceTree = "<group>";
		};
		3D07161B2A224C7C0083F568 /* View Controllers */ = {
			isa = PBXGroup;
			children = (
				3D0716122A2215DD0083F568 /* CreateAccountViewController.swift */,
				3D0716102A2213720083F568 /* LoginViewController.swift */,
				3D0716192A224C730083F568 /* HomeViewController.swift */,
				3D0716002A2210690083F568 /* ViewController.swift */,
			);
			path = "View Controllers";
			sourceTree = "<group>";
		};
		3D981CB42A2279B200756127 /* Media */ = {
			isa = PBXGroup;
			children = (
			);
			path = Media;
			sourceTree = "<group>";
		};
		3DD56F492A22559200036338 /* Helpers */ = {
			isa = PBXGroup;
			children = (
				3D26D1742A2264FD005E8865 /* Constants.swift */,
				3D26D1762A226513005E8865 /* Utilities.swift */,
			);
			path = Helpers;
			sourceTree = "<group>";
		};
		917BFFA23602001DD8AA2486 /* Pods */ = {
			isa = PBXGroup;
			children = (
				6DA0C596C8BBF11AE1801311 /* Pods-Orbital.debug.xcconfig */,
				43D914FC9620274DA9F19FB7 /* Pods-Orbital.release.xcconfig */,
			);
			path = Pods;
			sourceTree = "<group>";
		};
/* End PBXGroup section */

/* Begin PBXNativeTarget section */
		3D0715F82A2210690083F568 /* Orbital */ = {
			isa = PBXNativeTarget;
			buildConfigurationList = 3D07160D2A22106B0083F568 /* Build configuration list for PBXNativeTarget "Orbital" */;
			buildPhases = (
				1ECB24EE47687751CFA9EAA8 /* [CP] Check Pods Manifest.lock */,
				3D0715F52A2210690083F568 /* Sources */,
				3D0715F62A2210690083F568 /* Frameworks */,
				3D0715F72A2210690083F568 /* Resources */,
				BC4A2C7DDADAF5D032727A7B /* [CP] Embed Pods Frameworks */,
			);
			buildRules = (
			);
			dependencies = (
			);
			name = Orbital;
			packageProductDependencies = (
				3D0716172A22191D0083F568 /* FirebaseAuth */,
			);
			productName = Orbital;
			productReference = 3D0715F92A2210690083F568 /* Orbital.app */;
			productType = "com.apple.product-type.application";
		};
/* End PBXNativeTarget section */

/* Begin PBXProject section */
		3D0715F12A2210690083F568 /* Project object */ = {
			isa = PBXProject;
			attributes = {
				BuildIndependentTargetsInParallel = 1;
				LastSwiftUpdateCheck = 1430;
				LastUpgradeCheck = 1430;
				TargetAttributes = {
					3D0715F82A2210690083F568 = {
						CreatedOnToolsVersion = 14.3;
					};
				};
			};
			buildConfigurationList = 3D0715F42A2210690083F568 /* Build configuration list for PBXProject "Orbital" */;
			compatibilityVersion = "Xcode 14.0";
			developmentRegion = en;
			hasScannedForEncodings = 0;
			knownRegions = (
				en,
				Base,
			);
			mainGroup = 3D0715F02A2210690083F568;
			packageReferences = (
				3D0716162A22191D0083F568 /* XCRemoteSwiftPackageReference "firebase-ios-sdk" */,
			);
			productRefGroup = 3D0715FA2A2210690083F568 /* Products */;
			projectDirPath = "";
			projectRoot = "";
			targets = (
				3D0715F82A2210690083F568 /* Orbital */,
			);
		};
/* End PBXProject section */

/* Begin PBXResourcesBuildPhase section */
		3D0715F72A2210690083F568 /* Resources */ = {
			isa = PBXResourcesBuildPhase;
			buildActionMask = 2147483647;
			files = (
				3D0716092A22106B0083F568 /* LaunchScreen.storyboard in Resources */,
				3D0716152A2218C20083F568 /* GoogleService-Info.plist in Resources */,
				3DC0B5EF2A2270F7000073A3 /* Orbital in Resources */,
				3D0716062A22106B0083F568 /* Assets.xcassets in Resources */,
				3D0716042A2210690083F568 /* Main.storyboard in Resources */,
			);
			runOnlyForDeploymentPostprocessing = 0;
		};
/* End PBXResourcesBuildPhase section */

/* Begin PBXShellScriptBuildPhase section */
		1ECB24EE47687751CFA9EAA8 /* [CP] Check Pods Manifest.lock */ = {
			isa = PBXShellScriptBuildPhase;
			buildActionMask = 2147483647;
			files = (
			);
			inputFileListPaths = (
			);
			inputPaths = (
				"${PODS_PODFILE_DIR_PATH}/Podfile.lock",
				"${PODS_ROOT}/Manifest.lock",
			);
			name = "[CP] Check Pods Manifest.lock";
			outputFileListPaths = (
			);
			outputPaths = (
				"$(DERIVED_FILE_DIR)/Pods-Orbital-checkManifestLockResult.txt",
			);
			runOnlyForDeploymentPostprocessing = 0;
			shellPath = /bin/sh;
			shellScript = "diff \"${PODS_PODFILE_DIR_PATH}/Podfile.lock\" \"${PODS_ROOT}/Manifest.lock\" > /dev/null\nif [ $? != 0 ] ; then\n    # print error to STDERR\n    echo \"error: The sandbox is not in sync with the Podfile.lock. Run 'pod install' or update your CocoaPods installation.\" >&2\n    exit 1\nfi\n# This output is used by Xcode 'outputs' to avoid re-running this script phase.\necho \"SUCCESS\" > \"${SCRIPT_OUTPUT_FILE_0}\"\n";
			showEnvVarsInLog = 0;
		};
		BC4A2C7DDADAF5D032727A7B /* [CP] Embed Pods Frameworks */ = {
			isa = PBXShellScriptBuildPhase;
			buildActionMask = 2147483647;
			files = (
			);
			inputFileListPaths = (
				"${PODS_ROOT}/Target Support Files/Pods-Orbital/Pods-Orbital-frameworks-${CONFIGURATION}-input-files.xcfilelist",
			);
			name = "[CP] Embed Pods Frameworks";
			outputFileListPaths = (
				"${PODS_ROOT}/Target Support Files/Pods-Orbital/Pods-Orbital-frameworks-${CONFIGURATION}-output-files.xcfilelist",
			);
			runOnlyForDeploymentPostprocessing = 0;
			shellPath = /bin/sh;
			shellScript = "\"${PODS_ROOT}/Target Support Files/Pods-Orbital/Pods-Orbital-frameworks.sh\"\n";
			showEnvVarsInLog = 0;
		};
/* End PBXShellScriptBuildPhase section */

/* Begin PBXSourcesBuildPhase section */
		3D0715F52A2210690083F568 /* Sources */ = {
			isa = PBXSourcesBuildPhase;
			buildActionMask = 2147483647;
			files = (
				3D0716132A2215DD0083F568 /* CreateAccountViewController.swift in Sources */,
				3D0716112A2213720083F568 /* LoginViewController.swift in Sources */,
				3D0716012A2210690083F568 /* ViewController.swift in Sources */,
				3D0715FD2A2210690083F568 /* AppDelegate.swift in Sources */,
				3D0715FF2A2210690083F568 /* SceneDelegate.swift in Sources */,
				3D07161A2A224C730083F568 /* HomeViewController.swift in Sources */,
				3D26D1772A226513005E8865 /* Utilities.swift in Sources */,
				3D26D1752A2264FD005E8865 /* Constants.swift in Sources */,
			);
			runOnlyForDeploymentPostprocessing = 0;
		};
/* End PBXSourcesBuildPhase section */

/* Begin PBXVariantGroup section */
		3D0716022A2210690083F568 /* Main.storyboard */ = {
			isa = PBXVariantGroup;
			children = (
				3D0716032A2210690083F568 /* Base */,
			);
			name = Main.storyboard;
			sourceTree = "<group>";
		};
		3D0716072A22106B0083F568 /* LaunchScreen.storyboard */ = {
			isa = PBXVariantGroup;
			children = (
				3D0716082A22106B0083F568 /* Base */,
			);
			name = LaunchScreen.storyboard;
			sourceTree = "<group>";
		};
/* End PBXVariantGroup section */

/* Begin XCBuildConfiguration section */
		3D07160B2A22106B0083F568 /* Debug */ = {
			isa = XCBuildConfiguration;
			buildSettings = {
				ALWAYS_SEARCH_USER_PATHS = NO;
				CLANG_ANALYZER_NONNULL = YES;
				CLANG_ANALYZER_NUMBER_OBJECT_CONVERSION = YES_AGGRESSIVE;
				CLANG_CXX_LANGUAGE_STANDARD = "gnu++20";
				CLANG_ENABLE_MODULES = YES;
				CLANG_ENABLE_OBJC_ARC = YES;
				CLANG_ENABLE_OBJC_WEAK = YES;
				CLANG_WARN_BLOCK_CAPTURE_AUTORELEASING = YES;
				CLANG_WARN_BOOL_CONVERSION = YES;
				CLANG_WARN_COMMA = YES;
				CLANG_WARN_CONSTANT_CONVERSION = YES;
				CLANG_WARN_DEPRECATED_OBJC_IMPLEMENTATIONS = YES;
				CLANG_WARN_DIRECT_OBJC_ISA_USAGE = YES_ERROR;
				CLANG_WARN_DOCUMENTATION_COMMENTS = YES;
				CLANG_WARN_EMPTY_BODY = YES;
				CLANG_WARN_ENUM_CONVERSION = YES;
				CLANG_WARN_INFINITE_RECURSION = YES;
				CLANG_WARN_INT_CONVERSION = YES;
				CLANG_WARN_NON_LITERAL_NULL_CONVERSION = YES;
				CLANG_WARN_OBJC_IMPLICIT_RETAIN_SELF = YES;
				CLANG_WARN_OBJC_LITERAL_CONVERSION = YES;
				CLANG_WARN_OBJC_ROOT_CLASS = YES_ERROR;
				CLANG_WARN_QUOTED_INCLUDE_IN_FRAMEWORK_HEADER = YES;
				CLANG_WARN_RANGE_LOOP_ANALYSIS = YES;
				CLANG_WARN_STRICT_PROTOTYPES = YES;
				CLANG_WARN_SUSPICIOUS_MOVE = YES;
				CLANG_WARN_UNGUARDED_AVAILABILITY = YES_AGGRESSIVE;
				CLANG_WARN_UNREACHABLE_CODE = YES;
				CLANG_WARN__DUPLICATE_METHOD_MATCH = YES;
				COPY_PHASE_STRIP = NO;
				DEBUG_INFORMATION_FORMAT = dwarf;
				ENABLE_STRICT_OBJC_MSGSEND = YES;
				ENABLE_TESTABILITY = YES;
				GCC_C_LANGUAGE_STANDARD = gnu11;
				GCC_DYNAMIC_NO_PIC = NO;
				GCC_NO_COMMON_BLOCKS = YES;
				GCC_OPTIMIZATION_LEVEL = 0;
				GCC_PREPROCESSOR_DEFINITIONS = (
					"DEBUG=1",
					"$(inherited)",
				);
				GCC_WARN_64_TO_32_BIT_CONVERSION = YES;
				GCC_WARN_ABOUT_RETURN_TYPE = YES_ERROR;
				GCC_WARN_UNDECLARED_SELECTOR = YES;
				GCC_WARN_UNINITIALIZED_AUTOS = YES_AGGRESSIVE;
				GCC_WARN_UNUSED_FUNCTION = YES;
				GCC_WARN_UNUSED_VARIABLE = YES;
				IPHONEOS_DEPLOYMENT_TARGET = 16.4;
				MTL_ENABLE_DEBUG_INFO = INCLUDE_SOURCE;
				MTL_FAST_MATH = YES;
				ONLY_ACTIVE_ARCH = YES;
				SDKROOT = iphoneos;
				SWIFT_ACTIVE_COMPILATION_CONDITIONS = DEBUG;
				SWIFT_OPTIMIZATION_LEVEL = "-Onone";
			};
			name = Debug;
		};
		3D07160C2A22106B0083F568 /* Release */ = {
			isa = XCBuildConfiguration;
			buildSettings = {
				ALWAYS_SEARCH_USER_PATHS = NO;
				CLANG_ANALYZER_NONNULL = YES;
				CLANG_ANALYZER_NUMBER_OBJECT_CONVERSION = YES_AGGRESSIVE;
				CLANG_CXX_LANGUAGE_STANDARD = "gnu++20";
				CLANG_ENABLE_MODULES = YES;
				CLANG_ENABLE_OBJC_ARC = YES;
				CLANG_ENABLE_OBJC_WEAK = YES;
				CLANG_WARN_BLOCK_CAPTURE_AUTORELEASING = YES;
				CLANG_WARN_BOOL_CONVERSION = YES;
				CLANG_WARN_COMMA = YES;
				CLANG_WARN_CONSTANT_CONVERSION = YES;
				CLANG_WARN_DEPRECATED_OBJC_IMPLEMENTATIONS = YES;
				CLANG_WARN_DIRECT_OBJC_ISA_USAGE = YES_ERROR;
				CLANG_WARN_DOCUMENTATION_COMMENTS = YES;
				CLANG_WARN_EMPTY_BODY = YES;
				CLANG_WARN_ENUM_CONVERSION = YES;
				CLANG_WARN_INFINITE_RECURSION = YES;
				CLANG_WARN_INT_CONVERSION = YES;
				CLANG_WARN_NON_LITERAL_NULL_CONVERSION = YES;
				CLANG_WARN_OBJC_IMPLICIT_RETAIN_SELF = YES;
				CLANG_WARN_OBJC_LITERAL_CONVERSION = YES;
				CLANG_WARN_OBJC_ROOT_CLASS = YES_ERROR;
				CLANG_WARN_QUOTED_INCLUDE_IN_FRAMEWORK_HEADER = YES;
				CLANG_WARN_RANGE_LOOP_ANALYSIS = YES;
				CLANG_WARN_STRICT_PROTOTYPES = YES;
				CLANG_WARN_SUSPICIOUS_MOVE = YES;
				CLANG_WARN_UNGUARDED_AVAILABILITY = YES_AGGRESSIVE;
				CLANG_WARN_UNREACHABLE_CODE = YES;
				CLANG_WARN__DUPLICATE_METHOD_MATCH = YES;
				COPY_PHASE_STRIP = NO;
				DEBUG_INFORMATION_FORMAT = "dwarf-with-dsym";
				ENABLE_NS_ASSERTIONS = NO;
				ENABLE_STRICT_OBJC_MSGSEND = YES;
				GCC_C_LANGUAGE_STANDARD = gnu11;
				GCC_NO_COMMON_BLOCKS = YES;
				GCC_WARN_64_TO_32_BIT_CONVERSION = YES;
				GCC_WARN_ABOUT_RETURN_TYPE = YES_ERROR;
				GCC_WARN_UNDECLARED_SELECTOR = YES;
				GCC_WARN_UNINITIALIZED_AUTOS = YES_AGGRESSIVE;
				GCC_WARN_UNUSED_FUNCTION = YES;
				GCC_WARN_UNUSED_VARIABLE = YES;
				IPHONEOS_DEPLOYMENT_TARGET = 16.4;
				MTL_ENABLE_DEBUG_INFO = NO;
				MTL_FAST_MATH = YES;
				SDKROOT = iphoneos;
				SWIFT_COMPILATION_MODE = wholemodule;
				SWIFT_OPTIMIZATION_LEVEL = "-O";
				VALIDATE_PRODUCT = YES;
			};
			name = Release;
		};
		3D07160E2A22106B0083F568 /* Debug */ = {
			isa = XCBuildConfiguration;
			baseConfigurationReference = 6DA0C596C8BBF11AE1801311 /* Pods-Orbital.debug.xcconfig */;
			buildSettings = {
				ASSETCATALOG_COMPILER_APPICON_NAME = AppIcon;
				ASSETCATALOG_COMPILER_GLOBAL_ACCENT_COLOR_NAME = AccentColor;
				CODE_SIGN_STYLE = Automatic;
				CURRENT_PROJECT_VERSION = 1;
				DEVELOPMENT_TEAM = V53GKTCFYA;
				GENERATE_INFOPLIST_FILE = YES;
				INFOPLIST_FILE = Orbital/Info.plist;
				INFOPLIST_KEY_UIApplicationSupportsIndirectInputEvents = YES;
				INFOPLIST_KEY_UILaunchStoryboardName = LaunchScreen;
				INFOPLIST_KEY_UIMainStoryboardFile = Main;
				INFOPLIST_KEY_UISupportedInterfaceOrientations_iPad = "UIInterfaceOrientationPortrait UIInterfaceOrientationPortraitUpsideDown UIInterfaceOrientationLandscapeLeft UIInterfaceOrientationLandscapeRight";
				INFOPLIST_KEY_UISupportedInterfaceOrientations_iPhone = "UIInterfaceOrientationPortrait UIInterfaceOrientationLandscapeLeft UIInterfaceOrientationLandscapeRight";
				LD_RUNPATH_SEARCH_PATHS = (
					"$(inherited)",
					"@executable_path/Frameworks",
				);
				MARKETING_VERSION = 1.0;
				PRODUCT_BUNDLE_IDENTIFIER = orbitalbesties.Orbital;
				PRODUCT_NAME = "$(TARGET_NAME)";
				SWIFT_EMIT_LOC_STRINGS = YES;
				SWIFT_VERSION = 5.0;
				TARGETED_DEVICE_FAMILY = "1,2";
			};
			name = Debug;
		};
		3D07160F2A22106B0083F568 /* Release */ = {
			isa = XCBuildConfiguration;
			baseConfigurationReference = 43D914FC9620274DA9F19FB7 /* Pods-Orbital.release.xcconfig */;
			buildSettings = {
				ASSETCATALOG_COMPILER_APPICON_NAME = AppIcon;
				ASSETCATALOG_COMPILER_GLOBAL_ACCENT_COLOR_NAME = AccentColor;
				CODE_SIGN_STYLE = Automatic;
				CURRENT_PROJECT_VERSION = 1;
				DEVELOPMENT_TEAM = V53GKTCFYA;
				GENERATE_INFOPLIST_FILE = YES;
				INFOPLIST_FILE = Orbital/Info.plist;
				INFOPLIST_KEY_UIApplicationSupportsIndirectInputEvents = YES;
				INFOPLIST_KEY_UILaunchStoryboardName = LaunchScreen;
				INFOPLIST_KEY_UIMainStoryboardFile = Main;
				INFOPLIST_KEY_UISupportedInterfaceOrientations_iPad = "UIInterfaceOrientationPortrait UIInterfaceOrientationPortraitUpsideDown UIInterfaceOrientationLandscapeLeft UIInterfaceOrientationLandscapeRight";
				INFOPLIST_KEY_UISupportedInterfaceOrientations_iPhone = "UIInterfaceOrientationPortrait UIInterfaceOrientationLandscapeLeft UIInterfaceOrientationLandscapeRight";
				LD_RUNPATH_SEARCH_PATHS = (
					"$(inherited)",
					"@executable_path/Frameworks",
				);
				MARKETING_VERSION = 1.0;
				PRODUCT_BUNDLE_IDENTIFIER = orbitalbesties.Orbital;
				PRODUCT_NAME = "$(TARGET_NAME)";
				SWIFT_EMIT_LOC_STRINGS = YES;
				SWIFT_VERSION = 5.0;
				TARGETED_DEVICE_FAMILY = "1,2";
			};
			name = Release;
		};
/* End XCBuildConfiguration section */

/* Begin XCConfigurationList section */
		3D0715F42A2210690083F568 /* Build configuration list for PBXProject "Orbital" */ = {
			isa = XCConfigurationList;
			buildConfigurations = (
				3D07160B2A22106B0083F568 /* Debug */,
				3D07160C2A22106B0083F568 /* Release */,
			);
			defaultConfigurationIsVisible = 0;
			defaultConfigurationName = Release;
		};
		3D07160D2A22106B0083F568 /* Build configuration list for PBXNativeTarget "Orbital" */ = {
			isa = XCConfigurationList;
			buildConfigurations = (
				3D07160E2A22106B0083F568 /* Debug */,
				3D07160F2A22106B0083F568 /* Release */,
			);
			defaultConfigurationIsVisible = 0;
			defaultConfigurationName = Release;
		};
/* End XCConfigurationList section */

/* Begin XCRemoteSwiftPackageReference section */
		3D0716162A22191D0083F568 /* XCRemoteSwiftPackageReference "firebase-ios-sdk" */ = {
			isa = XCRemoteSwiftPackageReference;
			repositoryURL = "https://github.com/firebase/firebase-ios-sdk";
			requirement = {
				branch = master;
				kind = branch;
			};
		};
/* End XCRemoteSwiftPackageReference section */

/* Begin XCSwiftPackageProductDependency section */
		3D0716172A22191D0083F568 /* FirebaseAuth */ = {
			isa = XCSwiftPackageProductDependency;
			package = 3D0716162A22191D0083F568 /* XCRemoteSwiftPackageReference "firebase-ios-sdk" */;
			productName = FirebaseAuth;
		};
/* End XCSwiftPackageProductDependency section */
	};
	rootObject = 3D0715F12A2210690083F568 /* Project object */;
}
